
Microsoft Visual Studio Solution File, Format Version 12.00
# Visual Studio Version 16
VisualStudioVersion = 16.0.29519.181
MinimumVisualStudioVersion = 10.0.40219.1
Project("{2150E333-8FDC-42A3-9474-1A3956D46DE8}") = "src", "src", "{60900133-103B-43AE-80A7-19013397A562}"
EndProject
Project("{9A19103F-16F7-4668-BE54-9A1E7A4F7556}") = "amusinghoS.EntityData", "amusinghoS.Entity\amusinghoS.EntityData.csproj", "{E56B1EC0-3822-4A00-B41C-4ECEC430E7A8}"
EndProject
Project("{9A19103F-16F7-4668-BE54-9A1E7A4F7556}") = "amusinghoS.App", "amusinghoS.App\amusinghoS.App.csproj", "{65F09622-527D-406A-8CFA-72711EF59326}"
EndProject
Project("{2150E333-8FDC-42A3-9474-1A3956D46DE8}") = "docs", "docs", "{84582A1D-C0BA-4EFC-929C-83767E72E6EA}"
EndProject
Project("{2150E333-8FDC-42A3-9474-1A3956D46DE8}") = "githubResources", "githubResources", "{DE42FABF-8224-440E-A3EC-EE5B295320F7}"
EndProject
Project("{9A19103F-16F7-4668-BE54-9A1E7A4F7556}") = "amusinghoS.Shared", "amusinghoS.Shared\amusinghoS.Shared.csproj", "{1DA5291F-DD28-4B21-9B76-AB74B2161AA2}"
EndProject
Project("{9A19103F-16F7-4668-BE54-9A1E7A4F7556}") = "amusinghos.xUnit", "amusinghos.Xunit\amusinghos.xUnit.csproj", "{15672F63-68F5-4697-877C-FFDD933A9048}"
EndProject
Project("{9A19103F-16F7-4668-BE54-9A1E7A4F7556}") = "amusinghoS.Services", "amusinghoS.Services\amusinghoS.Services.csproj", "{7A57F743-B60B-428B-A1E4-A2F0506A5846}"
EndProject
Project("{9A19103F-16F7-4668-BE54-9A1E7A4F7556}") = "amusinghoS.Redis", "amusinghoS.Redis\amusinghoS.Redis.csproj", "{415C867D-F51F-45E2-8464-56DEA35B134B}"
EndProject
Global
	GlobalSection(SolutionConfigurationPlatforms) = preSolution
		Debug|Any CPU = Debug|Any CPU
		Release|Any CPU = Release|Any CPU
	EndGlobalSection
	GlobalSection(ProjectConfigurationPlatforms) = postSolution
		{E56B1EC0-3822-4A00-B41C-4ECEC430E7A8}.Debug|Any CPU.ActiveCfg = Debug|Any CPU
		{E56B1EC0-3822-4A00-B41C-4ECEC430E7A8}.Debug|Any CPU.Build.0 = Debug|Any CPU
		{E56B1EC0-3822-4A00-B41C-4ECEC430E7A8}.Release|Any CPU.ActiveCfg = Release|Any CPU
		{E56B1EC0-3822-4A00-B41C-4ECEC430E7A8}.Release|Any CPU.Build.0 = Release|Any CPU
		{65F09622-527D-406A-8CFA-72711EF59326}.Debug|Any CPU.ActiveCfg = Debug|Any CPU
		{65F09622-527D-406A-8CFA-72711EF59326}.Debug|Any CPU.Build.0 = Debug|Any CPU
		{65F09622-527D-406A-8CFA-72711EF59326}.Release|Any CPU.ActiveCfg = Release|Any CPU
		{65F09622-527D-406A-8CFA-72711EF59326}.Release|Any CPU.Build.0 = Release|Any CPU
		{1DA5291F-DD28-4B21-9B76-AB74B2161AA2}.Debug|Any CPU.ActiveCfg = Debug|Any CPU
		{1DA5291F-DD28-4B21-9B76-AB74B2161AA2}.Debug|Any CPU.Build.0 = Debug|Any CPU
		{1DA5291F-DD28-4B21-9B76-AB74B2161AA2}.Release|Any CPU.ActiveCfg = Release|Any CPU
		{1DA5291F-DD28-4B21-9B76-AB74B2161AA2}.Release|Any CPU.Build.0 = Release|Any CPU
		{15672F63-68F5-4697-877C-FFDD933A9048}.Debug|Any CPU.ActiveCfg = Debug|Any CPU
		{15672F63-68F5-4697-877C-FFDD933A9048}.Debug|Any CPU.Build.0 = Debug|Any CPU
		{15672F63-68F5-4697-877C-FFDD933A9048}.Release|Any CPU.ActiveCfg = Release|Any CPU
		{15672F63-68F5-4697-877C-FFDD933A9048}.Release|Any CPU.Build.0 = Release|Any CPU
		{7A57F743-B60B-428B-A1E4-A2F0506A5846}.Debug|Any CPU.ActiveCfg = Debug|Any CPU
		{7A57F743-B60B-428B-A1E4-A2F0506A5846}.Debug|Any CPU.Build.0 = Debug|Any CPU
		{7A57F743-B60B-428B-A1E4-A2F0506A5846}.Release|Any CPU.ActiveCfg = Release|Any CPU
		{7A57F743-B60B-428B-A1E4-A2F0506A5846}.Release|Any CPU.Build.0 = Release|Any CPU
		{415C867D-F51F-45E2-8464-56DEA35B134B}.Debug|Any CPU.ActiveCfg = Debug|Any CPU
		{415C867D-F51F-45E2-8464-56DEA35B134B}.Debug|Any CPU.Build.0 = Debug|Any CPU
		{415C867D-F51F-45E2-8464-56DEA35B134B}.Release|Any CPU.ActiveCfg = Release|Any CPU
		{415C867D-F51F-45E2-8464-56DEA35B134B}.Release|Any CPU.Build.0 = Release|Any CPU
	EndGlobalSection
	GlobalSection(SolutionProperties) = preSolution
		HideSolutionNode = FALSE
	EndGlobalSection
	GlobalSection(NestedProjects) = preSolution
		{E56B1EC0-3822-4A00-B41C-4ECEC430E7A8} = {60900133-103B-43AE-80A7-19013397A562}
		{65F09622-527D-406A-8CFA-72711EF59326} = {60900133-103B-43AE-80A7-19013397A562}
		{DE42FABF-8224-440E-A3EC-EE5B295320F7} = {84582A1D-C0BA-4EFC-929C-83767E72E6EA}
		{1DA5291F-DD28-4B21-9B76-AB74B2161AA2} = {60900133-103B-43AE-80A7-19013397A562}
		{15672F63-68F5-4697-877C-FFDD933A9048} = {60900133-103B-43AE-80A7-19013397A562}
		{7A57F743-B60B-428B-A1E4-A2F0506A5846} = {60900133-103B-43AE-80A7-19013397A562}
		{415C867D-F51F-45E2-8464-56DEA35B134B} = {60900133-103B-43AE-80A7-19013397A562}
	EndGlobalSection
	GlobalSection(ExtensibilityGlobals) = postSolution
		SolutionGuid = {2D0CFC75-5BAE-4CE5-AB94-DB27C9CA5B2A}
	EndGlobalSection
EndGlobal
